
Microsoft Visual Studio Solution File, Format Version 12.00
# Visual Studio Version 17
VisualStudioVersion = 17.7.34031.279
MinimumVisualStudioVersion = 10.0.40219.1
Project("{9A19103F-16F7-4668-BE54-9A1E7A4F7556}") = "AspNetIdentityCore", "AspNetIdentityCore\AspNetIdentityCore.csproj", "{48E2736A-5A6B-4C12-A666-12167EAE98FF}"
EndProject
Global
	GlobalSection(SolutionConfigurationPlatforms) = preSolution
		Debug|Any CPU = Debug|Any CPU
		Release|Any CPU = Release|Any CPU
	EndGlobalSection
	GlobalSection(ProjectConfigurationPlatforms) = postSolution
		{48E2736A-5A6B-4C12-A666-12167EAE98FF}.Debug|Any CPU.ActiveCfg = Debug|Any CPU
		{48E2736A-5A6B-4C12-A666-12167EAE98FF}.Debug|Any CPU.Build.0 = Debug|Any CPU
		{48E2736A-5A6B-4C12-A666-12167EAE98FF}.Release|Any CPU.ActiveCfg = Release|Any CPU
		{48E2736A-5A6B-4C12-A666-12167EAE98FF}.Release|Any CPU.Build.0 = Release|Any CPU
	EndGlobalSection
	GlobalSection(SolutionProperties) = preSolution
		HideSolutionNode = FALSE
	EndGlobalSection
	GlobalSection(ExtensibilityGlobals) = postSolution
		SolutionGuid = {E7C118DF-9DE3-4611-871E-EEC06F1965DF}
	EndGlobalSection
EndGlobal
